
Microsoft Visual Studio Solution File, Format Version 12.00
# Visual Studio Version 17
VisualStudioVersion = 17.0.32014.148
MinimumVisualStudioVersion = 10.0.40219.1
Project("{FAE04EC0-301F-11D3-BF4B-00C04F79EFBC}") = "PR5", "PR5\PR5.csproj", "{48882DFF-55F3-44F1-8F83-8E17062B2B71}"
EndProject
Global
	GlobalSection(SolutionConfigurationPlatforms) = preSolution
		Debug|Any CPU = Debug|Any CPU
		Release|Any CPU = Release|Any CPU
	EndGlobalSection
	GlobalSection(ProjectConfigurationPlatforms) = postSolution
		{48882DFF-55F3-44F1-8F83-8E17062B2B71}.Debug|Any CPU.ActiveCfg = Debug|Any CPU
		{48882DFF-55F3-44F1-8F83-8E17062B2B71}.Debug|Any CPU.Build.0 = Debug|Any CPU
		{48882DFF-55F3-44F1-8F83-8E17062B2B71}.Release|Any CPU.ActiveCfg = Release|Any CPU
		{48882DFF-55F3-44F1-8F83-8E17062B2B71}.Release|Any CPU.Build.0 = Release|Any CPU
	EndGlobalSection
	GlobalSection(SolutionProperties) = preSolution
		HideSolutionNode = FALSE
	EndGlobalSection
	GlobalSection(ExtensibilityGlobals) = postSolution
		SolutionGuid = {11DBC7A3-484C-4426-9AD8-8617FA638FFF}
	EndGlobalSection
EndGlobal
